
Microsoft Visual Studio Solution File, Format Version 12.00
# Visual Studio Version 17
VisualStudioVersion = 17.6.33829.357
MinimumVisualStudioVersion = 10.0.40219.1
Project("{F184B08F-C81C-45F6-A57F-5ABD9991F28F}") = "FSolution", "FSolution.vbproj", "{B90DBAAB-F6B3-4B41-BD5F-1E0E1BE2FCDB}"
EndProject
Global
	GlobalSection(SolutionConfigurationPlatforms) = preSolution
		Debug|x86 = Debug|x86
		Release|x86 = Release|x86
	EndGlobalSection
	GlobalSection(ProjectConfigurationPlatforms) = postSolution
		{B90DBAAB-F6B3-4B41-BD5F-1E0E1BE2FCDB}.Debug|x86.ActiveCfg = Debug|x86
		{B90DBAAB-F6B3-4B41-BD5F-1E0E1BE2FCDB}.Debug|x86.Build.0 = Debug|x86
		{B90DBAAB-F6B3-4B41-BD5F-1E0E1BE2FCDB}.Release|x86.ActiveCfg = Release|x86
		{B90DBAAB-F6B3-4B41-BD5F-1E0E1BE2FCDB}.Release|x86.Build.0 = Release|x86
	EndGlobalSection
	GlobalSection(SolutionProperties) = preSolution
		HideSolutionNode = FALSE
	EndGlobalSection
	GlobalSection(ExtensibilityGlobals) = postSolution
		SolutionGuid = {A51C9480-C7F0-4897-BCE5-6DF3B9B75BE7}
	EndGlobalSection
EndGlobal
